<?xml version="1.0" encoding="utf-8"?>
<Project ToolsVersion="4.0" xmlns="http://schemas.microsoft.com/developer/msbuild/2003">
  <ItemGroup>
    <Filter Include="Source Files">
      <UniqueIdentifier>{4FC737F1-C7A5-4376-A066-2A32D752A2FF}</UniqueIdentifier>
      <Extensions>cpp;c;cc;cxx;c++;cppm;ixx;def;odl;idl;hpj;bat;asm;asmx</Extensions>
    </Filter>
    <Filter Include="Header Files">
      <UniqueIdentifier>{93995380-89BD-4b04-88EB-625FBE52EBFB}</UniqueIdentifier>
      <Extensions>h;hh;hpp;hxx;h++;hm;inl;inc;ipp;xsd</Extensions>
    </Filter>
    <Filter Include="Resource Files">
      <UniqueIdentifier>{67DA6AB6-F800-4c08-8B7A-83BB121AAD01}</UniqueIdentifier>
      <Extensions>rc;ico;cur;bmp;dlg;rc2;rct;bin;rgs;gif;jpg;jpeg;jpe;resx;tiff;tif;png;wav;mfcribbon-ms</Extensions>
    </Filter>
  </ItemGroup>
  <ItemGroup>
    <ClInclude Include="IMultiVariableRealValuedFunction.h">
      <Filter>Header Files</Filter>
    </ClInclude>
    <ClInclude Include="IRealFunction.h">
      <Filter>Header Files</Filter>
    </ClInclude>
    <ClInclude Include="IRealFunctionUtils.h">
      <Filter>Header Files</Filter>
    </ClInclude>
    <ClInclude Include="ISingleVariableRealValuedFunction.h">
      <Filter>Header Files</Filter>
    </ClInclude>
    <ClInclude Include="ISingleVariableRealValuedFunctionUtils.h">
      <Filter>Header Files</Filter>
    </ClInclude>
    <ClInclude Include="MultiVariableMonomial.h">
      <Filter>Header Files</Filter>
    </ClInclude>
    <ClInclude Include="MultiVariableMultiplicativeInverseFunction.h">
      <Filter>Header Files</Filter>
    </ClInclude>
    <ClInclude Include="MultiVariablePolynomial.h">
      <Filter>Header Files</Filter>
    </ClInclude>
    <ClInclude Include="MultiVariableProductFunction.h">
      <Filter>Header Files</Filter>
    </ClInclude>
    <ClInclude Include="MultiVariableRealValuedFunction.h">
      <Filter>Header Files</Filter>
    </ClInclude>
    <ClInclude Include="MultiVariableVectorComponentFunction.h">
      <Filter>Header Files</Filter>
    </ClInclude>
    <ClInclude Include="MultiVariableVectorValuedFunction.h">
      <Filter>Header Files</Filter>
    </ClInclude>
    <ClInclude Include="RealFunctionAdd.h">
      <Filter>Header Files</Filter>
    </ClInclude>
    <ClInclude Include="RealFunctionCompose.h">
      <Filter>Header Files</Filter>
    </ClInclude>
    <ClInclude Include="RealFunctionNull.h">
      <Filter>Header Files</Filter>
    </ClInclude>
    <ClInclude Include="SingleVariableFunctionExamples.h">
      <Filter>Header Files</Filter>
    </ClInclude>
    <ClInclude Include="SingleVariableMonomial.h">
      <Filter>Header Files</Filter>
    </ClInclude>
    <ClInclude Include="SingleVariablePolynomial.h">
      <Filter>Header Files</Filter>
    </ClInclude>
    <ClInclude Include="SingleVariableRealValuedFunction.h">
      <Filter>Header Files</Filter>
    </ClInclude>
    <ClInclude Include="HatFunction.h">
      <Filter>Header Files</Filter>
    </ClInclude>
  </ItemGroup>
  <ItemGroup>
    <ClCompile Include="IMultiVariableRealValuedFunction.cpp">
      <Filter>Source Files</Filter>
    </ClCompile>
    <ClCompile Include="IRealFunctionUtils.cpp">
      <Filter>Source Files</Filter>
    </ClCompile>
    <ClCompile Include="ISingleVariableRealValuedFunctionUtils.cpp">
      <Filter>Source Files</Filter>
    </ClCompile>
    <ClCompile Include="MultiVariableMonomial.cpp">
      <Filter>Source Files</Filter>
    </ClCompile>
    <ClCompile Include="MultiVariableMultiplicativeInverseFunction.cpp">
      <Filter>Source Files</Filter>
    </ClCompile>
    <ClCompile Include="MultiVariablePolynomial.cpp">
      <Filter>Source Files</Filter>
    </ClCompile>
    <ClCompile Include="MultiVariableProductFunction.cpp">
      <Filter>Source Files</Filter>
    </ClCompile>
    <ClCompile Include="MultiVariableRealValuedFunction.cpp">
      <Filter>Source Files</Filter>
    </ClCompile>
    <ClCompile Include="MultiVariableVectorComponentFunction.cpp">
      <Filter>Source Files</Filter>
    </ClCompile>
    <ClCompile Include="MultiVariableVectorValuedFunction.cpp">
      <Filter>Source Files</Filter>
    </ClCompile>
    <ClCompile Include="RealFunctionAdd.cpp">
      <Filter>Source Files</Filter>
    </ClCompile>
    <ClCompile Include="RealFunctionCompose.cpp">
      <Filter>Source Files</Filter>
    </ClCompile>
    <ClCompile Include="RealFunctionNull.cpp">
      <Filter>Source Files</Filter>
    </ClCompile>
    <ClCompile Include="SingleVariableFunctionExamples.cpp">
      <Filter>Source Files</Filter>
    </ClCompile>
    <ClCompile Include="SingleVariableMonomial.cpp">
      <Filter>Source Files</Filter>
    </ClCompile>
    <ClCompile Include="SingleVariablePolynomial.cpp">
      <Filter>Source Files</Filter>
    </ClCompile>
    <ClCompile Include="SingleVariableRealValuedFunction.cpp">
      <Filter>Source Files</Filter>
    </ClCompile>
  </ItemGroup>
</Project>