<?xml version="1.0" encoding="utf-8"?>
<Project ToolsVersion="4.0" xmlns="http://schemas.microsoft.com/developer/msbuild/2003">
  <ItemGroup>
    <Filter Include="Source Files">
      <UniqueIdentifier>{4FC737F1-C7A5-4376-A066-2A32D752A2FF}</UniqueIdentifier>
      <Extensions>cpp;c;cc;cxx;c++;cppm;ixx;def;odl;idl;hpj;bat;asm;asmx</Extensions>
    </Filter>
    <Filter Include="Header Files">
      <UniqueIdentifier>{93995380-89BD-4b04-88EB-625FBE52EBFB}</UniqueIdentifier>
      <Extensions>h;hh;hpp;hxx;h++;hm;inl;inc;ipp;xsd</Extensions>
    </Filter>
    <Filter Include="Resource Files">
      <UniqueIdentifier>{67DA6AB6-F800-4c08-8B7A-83BB121AAD01}</UniqueIdentifier>
      <Extensions>rc;ico;cur;bmp;dlg;rc2;rct;bin;rgs;gif;jpg;jpeg;jpe;resx;tiff;tif;png;wav;mfcribbon-ms</Extensions>
    </Filter>
  </ItemGroup>
  <ItemGroup>
    <ClInclude Include="..\include\Functions\IMultiVariableRealValuedFunction.h">
      <Filter>Header Files</Filter>
    </ClInclude>
    <ClInclude Include="..\include\Functions\IRealFunction.h">
      <Filter>Header Files</Filter>
    </ClInclude>
    <ClInclude Include="..\include\Functions\IRealFunctionUtils.h">
      <Filter>Header Files</Filter>
    </ClInclude>
    <ClInclude Include="..\include\Functions\ISingleVariableRealValuedFunction.h">
      <Filter>Header Files</Filter>
    </ClInclude>
    <ClInclude Include="..\include\Functions\ISingleVariableRealValuedFunctionUtils.h">
      <Filter>Header Files</Filter>
    </ClInclude>
    <ClInclude Include="..\include\Functions\MultiVariableMonomial.h">
      <Filter>Header Files</Filter>
    </ClInclude>
    <ClInclude Include="..\include\Functions\MultiVariableMultiplicativeInverseFunction.h">
      <Filter>Header Files</Filter>
    </ClInclude>
    <ClInclude Include="..\include\Functions\MultiVariablePolynomial.h">
      <Filter>Header Files</Filter>
    </ClInclude>
    <ClInclude Include="..\include\Functions\MultiVariableProductFunction.h">
      <Filter>Header Files</Filter>
    </ClInclude>
    <ClInclude Include="..\include\Functions\MultiVariableRealValuedFunction.h">
      <Filter>Header Files</Filter>
    </ClInclude>
    <ClInclude Include="..\include\Functions\MultiVariableVectorComponentFunction.h">
      <Filter>Header Files</Filter>
    </ClInclude>
    <ClInclude Include="..\include\Functions\MultiVariableVectorValuedFunction.h">
      <Filter>Header Files</Filter>
    </ClInclude>
    <ClInclude Include="..\include\Functions\RealFunctionAdd.h">
      <Filter>Header Files</Filter>
    </ClInclude>
    <ClInclude Include="..\include\Functions\RealFunctionCompose.h">
      <Filter>Header Files</Filter>
    </ClInclude>
    <ClInclude Include="..\include\Functions\RealFunctionNull.h">
      <Filter>Header Files</Filter>
    </ClInclude>
    <ClInclude Include="..\include\Functions\SingleVariableMonomial.h">
      <Filter>Header Files</Filter>
    </ClInclude>
    <ClInclude Include="..\include\Functions\SingleVariablePolynomial.h">
      <Filter>Header Files</Filter>
    </ClInclude>
    <ClInclude Include="..\include\Functions\SingleVariableRealValuedFunction.h">
      <Filter>Header Files</Filter>
    </ClInclude>
    <ClInclude Include="..\include\Functions\SingleVariableFunctionExamples.h">
      <Filter>Header Files</Filter>
    </ClInclude>
  </ItemGroup>
  <ItemGroup>
    <ClCompile Include="..\src\Functions\IMultiVariableRealValuedFunction.cpp">
      <Filter>Source Files</Filter>
    </ClCompile>
    <ClCompile Include="..\src\Functions\IRealFunctionUtils.cpp">
      <Filter>Source Files</Filter>
    </ClCompile>
    <ClCompile Include="..\src\Functions\ISingleVariableRealValuedFunctionUtils.cpp">
      <Filter>Source Files</Filter>
    </ClCompile>
    <ClCompile Include="..\src\Functions\MultiVariableMonomial.cpp">
      <Filter>Source Files</Filter>
    </ClCompile>
    <ClCompile Include="..\src\Functions\MultiVariableMultiplicativeInverseFunction.cpp">
      <Filter>Source Files</Filter>
    </ClCompile>
    <ClCompile Include="..\src\Functions\MultiVariablePolynomial.cpp">
      <Filter>Source Files</Filter>
    </ClCompile>
    <ClCompile Include="..\src\Functions\MultiVariableProductFunction.cpp">
      <Filter>Source Files</Filter>
    </ClCompile>
    <ClCompile Include="..\src\Functions\MultiVariableRealValuedFunction.cpp">
      <Filter>Source Files</Filter>
    </ClCompile>
    <ClCompile Include="..\src\Functions\MultiVariableVectorComponentFunction.cpp">
      <Filter>Source Files</Filter>
    </ClCompile>
    <ClCompile Include="..\src\Functions\MultiVariableVectorValuedFunction.cpp">
      <Filter>Source Files</Filter>
    </ClCompile>
    <ClCompile Include="..\src\Functions\RealFunctionAdd.cpp">
      <Filter>Source Files</Filter>
    </ClCompile>
    <ClCompile Include="..\src\Functions\RealFunctionCompose.cpp">
      <Filter>Source Files</Filter>
    </ClCompile>
    <ClCompile Include="..\src\Functions\RealFunctionNull.cpp">
      <Filter>Source Files</Filter>
    </ClCompile>
    <ClCompile Include="..\src\Functions\SingleVariableMonomial.cpp">
      <Filter>Source Files</Filter>
    </ClCompile>
    <ClCompile Include="..\src\Functions\SingleVariablePolynomial.cpp">
      <Filter>Source Files</Filter>
    </ClCompile>
    <ClCompile Include="..\src\Functions\SingleVariableRealValuedFunction.cpp">
      <Filter>Source Files</Filter>
    </ClCompile>
    <ClCompile Include="..\src\Functions\SingleVariableFunctionExamples.cpp">
      <Filter>Source Files</Filter>
    </ClCompile>
  </ItemGroup>
</Project>