
Microsoft Visual Studio Solution File, Format Version 12.00
# Visual Studio Version 17
VisualStudioVersion = 17.1.32421.90
MinimumVisualStudioVersion = 10.0.40219.1
Project("{8BC9CEB8-8B4A-11D0-8D11-00A0C91BC942}") = "MatrixVector", "MatrixVector\MatrixVector.vcxproj", "{04DBB236-8FB0-448C-9504-F587DCC2E150}"
EndProject
Project("{8BC9CEB8-8B4A-11D0-8D11-00A0C91BC942}") = "MatrixVectorTest", "MatrixVectorTest\MatrixVectorTest.vcxproj", "{12FAA466-DCAB-4BE8-A2AD-9D3304F12357}"
EndProject
Project("{8BC9CEB8-8B4A-11D0-8D11-00A0C91BC942}") = "Groups", "Groups\Groups.vcxproj", "{EDA39747-C1DA-42CB-857D-A77171048589}"
EndProject
Project("{8BC9CEB8-8B4A-11D0-8D11-00A0C91BC942}") = "GroupsTest", "GroupsTest\GroupsTest.vcxproj", "{80E66A03-B166-4AFA-AA21-91DF531D2CE1}"
EndProject
Project("{8BC9CEB8-8B4A-11D0-8D11-00A0C91BC942}") = "Functions", "Functions\Functions.vcxproj", "{F795C850-01B9-4CBD-BA0A-94C8F230A240}"
EndProject
Project("{8BC9CEB8-8B4A-11D0-8D11-00A0C91BC942}") = "FunctionsTest", "FunctionsTest\FunctionsTest.vcxproj", "{69312D09-4DC5-4689-BF79-CA1E88968056}"
EndProject
Project("{8BC9CEB8-8B4A-11D0-8D11-00A0C91BC942}") = "NonLinearSolver", "NonLinearSolver\NonLinearSolver.vcxproj", "{0CA8E5AC-0B7E-49F9-80BC-1168D9C6BCEC}"
EndProject
Project("{8BC9CEB8-8B4A-11D0-8D11-00A0C91BC942}") = "KelvinRepr", "KelvinRepr\KelvinRepr.vcxproj", "{0C89A659-974F-40D8-91AA-E9A747029588}"
EndProject
Project("{8BC9CEB8-8B4A-11D0-8D11-00A0C91BC942}") = "KelvinReprTest", "KelvinReprTest\KelvinReprTest.vcxproj", "{BBE8FE34-C960-4F3E-AF73-9BB334B8C6F1}"
EndProject
Project("{8BC9CEB8-8B4A-11D0-8D11-00A0C91BC942}") = "NonLinearSolverTest", "NonLinearSolverTest\NonLinearSolverTest.vcxproj", "{9EFF5F39-4BA8-4607-96FB-F36E9D144F92}"
EndProject
Project("{8BC9CEB8-8B4A-11D0-8D11-00A0C91BC942}") = "Interpolation", "Interpolation\Interpolation.vcxproj", "{7CAE9120-D61E-4C01-BD91-0AF520784227}"
EndProject
Project("{8BC9CEB8-8B4A-11D0-8D11-00A0C91BC942}") = "InterpolationTest", "InterpolationTest\InterpolationTest.vcxproj", "{39C74ABA-6528-4D94-87A2-6C32032F020E}"
EndProject
Project("{8BC9CEB8-8B4A-11D0-8D11-00A0C91BC942}") = "Utilities", "Utilities\Utilities.vcxproj", "{E68FC7E3-1402-4BBE-9D0F-F4BD88ACFD45}"
EndProject
Project("{8BC9CEB8-8B4A-11D0-8D11-00A0C91BC942}") = "Interval", "Interval\Interval.vcxproj", "{1CD55D85-E025-45C1-8E1C-5C3E9477555A}"
EndProject
Project("{8BC9CEB8-8B4A-11D0-8D11-00A0C91BC942}") = "IntervalTest", "IntervalTest\IntervalTest.vcxproj", "{63553B59-A59C-4F26-A1E8-A8AE42A45B6F}"
EndProject
Project("{8BC9CEB8-8B4A-11D0-8D11-00A0C91BC942}") = "BoundingBox", "BoundingBox\BoundingBox.vcxproj", "{EFFEEBAD-501B-4A18-A582-853986814552}"
EndProject
Project("{8BC9CEB8-8B4A-11D0-8D11-00A0C91BC942}") = "BoundingBoxTest", "BoundingBoxTest\BoundingBoxTest.vcxproj", "{7292942E-43D3-4DD5-B180-BA70031089B2}"
EndProject
Project("{8BC9CEB8-8B4A-11D0-8D11-00A0C91BC942}") = "Point", "Point\Point.vcxproj", "{DB08A033-BF9A-4C04-B753-7C2270A6024F}"
EndProject
Project("{8BC9CEB8-8B4A-11D0-8D11-00A0C91BC942}") = "PointTest", "PointTest\PointTest.vcxproj", "{5A3790A5-573A-4169-A30F-14DD754AE2E2}"
EndProject
Project("{8BC9CEB8-8B4A-11D0-8D11-00A0C91BC942}") = "Tree", "Tree\Tree.vcxproj", "{02B77519-66EA-45CF-BCA9-D71360CB7C29}"
EndProject
Project("{8BC9CEB8-8B4A-11D0-8D11-00A0C91BC942}") = "TreeTest", "TreeTest\TreeTest.vcxproj", "{0CAF5B32-C4BF-4A1F-B5DC-EA76F47B7A7F}"
EndProject
Project("{8BC9CEB8-8B4A-11D0-8D11-00A0C91BC942}") = "UtilitiesTest", "UtilitiesTest\UtilitiesTest.vcxproj", "{471AD131-55C5-498D-9FCF-7D2CE6D456FA}"
EndProject
Project("{8BC9CEB8-8B4A-11D0-8D11-00A0C91BC942}") = "Geometry", "Geometry\Geometry.vcxproj", "{DF5DBEE9-C420-4FAE-8B80-F3D14FB7B46C}"
EndProject
Project("{8BC9CEB8-8B4A-11D0-8D11-00A0C91BC942}") = "GeometryTest", "GeometryTest\GeometryTest.vcxproj", "{8644AB91-1C3C-440A-97F4-8A87E38AB47E}"
EndProject
Project("{8BC9CEB8-8B4A-11D0-8D11-00A0C91BC942}") = "Permutaion", "Permutaion\Permutaion.vcxproj", "{10FD00D7-35CC-46AA-8D48-D13185970A12}"
EndProject
Project("{8BC9CEB8-8B4A-11D0-8D11-00A0C91BC942}") = "PermutationTest", "PermutationTest\PermutationTest.vcxproj", "{6361A748-964C-44C4-A081-21306ED3CE18}"
EndProject
Project("{8BC9CEB8-8B4A-11D0-8D11-00A0C91BC942}") = "Topology", "Topology\Topology.vcxproj", "{2FA0689D-EC40-4DC8-8358-EB63AB3F4266}"
EndProject
Project("{8BC9CEB8-8B4A-11D0-8D11-00A0C91BC942}") = "TopologyTest", "TopologyTest\TopologyTest.vcxproj", "{3900856D-1F8B-4E94-990D-6F8A6EBBEC9F}"
EndProject
Project("{8BC9CEB8-8B4A-11D0-8D11-00A0C91BC942}") = "Mesh", "Mesh\Mesh.vcxproj", "{7CE9E558-F8F6-464D-BA33-8F82A73AC8E5}"
EndProject
Project("{8BC9CEB8-8B4A-11D0-8D11-00A0C91BC942}") = "MeshTest", "MeshTest\MeshTest.vcxproj", "{2E842EFE-4D82-48ED-B787-75C7B0FD9418}"
EndProject
Project("{2150E333-8FDC-42A3-9474-1A3956D46DE8}") = "Solution Items", "Solution Items", "{1ED63860-255A-413B-8500-AFD939A13E4E}"
EndProject
Global
	GlobalSection(SolutionConfigurationPlatforms) = preSolution
		Debug|x64 = Debug|x64
		Debug|x86 = Debug|x86
		Release|x64 = Release|x64
		Release|x86 = Release|x86
	EndGlobalSection
	GlobalSection(ProjectConfigurationPlatforms) = postSolution
		{04DBB236-8FB0-448C-9504-F587DCC2E150}.Debug|x64.ActiveCfg = Debug|x64
		{04DBB236-8FB0-448C-9504-F587DCC2E150}.Debug|x64.Build.0 = Debug|x64
		{04DBB236-8FB0-448C-9504-F587DCC2E150}.Debug|x86.ActiveCfg = Debug|Win32
		{04DBB236-8FB0-448C-9504-F587DCC2E150}.Debug|x86.Build.0 = Debug|Win32
		{04DBB236-8FB0-448C-9504-F587DCC2E150}.Release|x64.ActiveCfg = Release|x64
		{04DBB236-8FB0-448C-9504-F587DCC2E150}.Release|x64.Build.0 = Release|x64
		{04DBB236-8FB0-448C-9504-F587DCC2E150}.Release|x86.ActiveCfg = Release|Win32
		{04DBB236-8FB0-448C-9504-F587DCC2E150}.Release|x86.Build.0 = Release|Win32
		{12FAA466-DCAB-4BE8-A2AD-9D3304F12357}.Debug|x64.ActiveCfg = Debug|x64
		{12FAA466-DCAB-4BE8-A2AD-9D3304F12357}.Debug|x64.Build.0 = Debug|x64
		{12FAA466-DCAB-4BE8-A2AD-9D3304F12357}.Debug|x86.ActiveCfg = Debug|Win32
		{12FAA466-DCAB-4BE8-A2AD-9D3304F12357}.Debug|x86.Build.0 = Debug|Win32
		{12FAA466-DCAB-4BE8-A2AD-9D3304F12357}.Release|x64.ActiveCfg = Release|x64
		{12FAA466-DCAB-4BE8-A2AD-9D3304F12357}.Release|x64.Build.0 = Release|x64
		{12FAA466-DCAB-4BE8-A2AD-9D3304F12357}.Release|x86.ActiveCfg = Release|Win32
		{12FAA466-DCAB-4BE8-A2AD-9D3304F12357}.Release|x86.Build.0 = Release|Win32
		{EDA39747-C1DA-42CB-857D-A77171048589}.Debug|x64.ActiveCfg = Debug|x64
		{EDA39747-C1DA-42CB-857D-A77171048589}.Debug|x64.Build.0 = Debug|x64
		{EDA39747-C1DA-42CB-857D-A77171048589}.Debug|x86.ActiveCfg = Debug|Win32
		{EDA39747-C1DA-42CB-857D-A77171048589}.Debug|x86.Build.0 = Debug|Win32
		{EDA39747-C1DA-42CB-857D-A77171048589}.Release|x64.ActiveCfg = Release|x64
		{EDA39747-C1DA-42CB-857D-A77171048589}.Release|x64.Build.0 = Release|x64
		{EDA39747-C1DA-42CB-857D-A77171048589}.Release|x86.ActiveCfg = Release|Win32
		{EDA39747-C1DA-42CB-857D-A77171048589}.Release|x86.Build.0 = Release|Win32
		{80E66A03-B166-4AFA-AA21-91DF531D2CE1}.Debug|x64.ActiveCfg = Debug|x64
		{80E66A03-B166-4AFA-AA21-91DF531D2CE1}.Debug|x64.Build.0 = Debug|x64
		{80E66A03-B166-4AFA-AA21-91DF531D2CE1}.Debug|x86.ActiveCfg = Debug|Win32
		{80E66A03-B166-4AFA-AA21-91DF531D2CE1}.Debug|x86.Build.0 = Debug|Win32
		{80E66A03-B166-4AFA-AA21-91DF531D2CE1}.Release|x64.ActiveCfg = Release|x64
		{80E66A03-B166-4AFA-AA21-91DF531D2CE1}.Release|x64.Build.0 = Release|x64
		{80E66A03-B166-4AFA-AA21-91DF531D2CE1}.Release|x86.ActiveCfg = Release|Win32
		{80E66A03-B166-4AFA-AA21-91DF531D2CE1}.Release|x86.Build.0 = Release|Win32
		{F795C850-01B9-4CBD-BA0A-94C8F230A240}.Debug|x64.ActiveCfg = Debug|x64
		{F795C850-01B9-4CBD-BA0A-94C8F230A240}.Debug|x64.Build.0 = Debug|x64
		{F795C850-01B9-4CBD-BA0A-94C8F230A240}.Debug|x86.ActiveCfg = Debug|Win32
		{F795C850-01B9-4CBD-BA0A-94C8F230A240}.Debug|x86.Build.0 = Debug|Win32
		{F795C850-01B9-4CBD-BA0A-94C8F230A240}.Release|x64.ActiveCfg = Release|x64
		{F795C850-01B9-4CBD-BA0A-94C8F230A240}.Release|x64.Build.0 = Release|x64
		{F795C850-01B9-4CBD-BA0A-94C8F230A240}.Release|x86.ActiveCfg = Release|Win32
		{F795C850-01B9-4CBD-BA0A-94C8F230A240}.Release|x86.Build.0 = Release|Win32
		{69312D09-4DC5-4689-BF79-CA1E88968056}.Debug|x64.ActiveCfg = Debug|x64
		{69312D09-4DC5-4689-BF79-CA1E88968056}.Debug|x64.Build.0 = Debug|x64
		{69312D09-4DC5-4689-BF79-CA1E88968056}.Debug|x86.ActiveCfg = Debug|Win32
		{69312D09-4DC5-4689-BF79-CA1E88968056}.Debug|x86.Build.0 = Debug|Win32
		{69312D09-4DC5-4689-BF79-CA1E88968056}.Release|x64.ActiveCfg = Release|x64
		{69312D09-4DC5-4689-BF79-CA1E88968056}.Release|x64.Build.0 = Release|x64
		{69312D09-4DC5-4689-BF79-CA1E88968056}.Release|x86.ActiveCfg = Release|Win32
		{69312D09-4DC5-4689-BF79-CA1E88968056}.Release|x86.Build.0 = Release|Win32
		{0CA8E5AC-0B7E-49F9-80BC-1168D9C6BCEC}.Debug|x64.ActiveCfg = Debug|x64
		{0CA8E5AC-0B7E-49F9-80BC-1168D9C6BCEC}.Debug|x64.Build.0 = Debug|x64
		{0CA8E5AC-0B7E-49F9-80BC-1168D9C6BCEC}.Debug|x86.ActiveCfg = Debug|Win32
		{0CA8E5AC-0B7E-49F9-80BC-1168D9C6BCEC}.Debug|x86.Build.0 = Debug|Win32
		{0CA8E5AC-0B7E-49F9-80BC-1168D9C6BCEC}.Release|x64.ActiveCfg = Release|x64
		{0CA8E5AC-0B7E-49F9-80BC-1168D9C6BCEC}.Release|x64.Build.0 = Release|x64
		{0CA8E5AC-0B7E-49F9-80BC-1168D9C6BCEC}.Release|x86.ActiveCfg = Release|Win32
		{0CA8E5AC-0B7E-49F9-80BC-1168D9C6BCEC}.Release|x86.Build.0 = Release|Win32
		{0C89A659-974F-40D8-91AA-E9A747029588}.Debug|x64.ActiveCfg = Debug|x64
		{0C89A659-974F-40D8-91AA-E9A747029588}.Debug|x64.Build.0 = Debug|x64
		{0C89A659-974F-40D8-91AA-E9A747029588}.Debug|x86.ActiveCfg = Debug|Win32
		{0C89A659-974F-40D8-91AA-E9A747029588}.Debug|x86.Build.0 = Debug|Win32
		{0C89A659-974F-40D8-91AA-E9A747029588}.Release|x64.ActiveCfg = Release|x64
		{0C89A659-974F-40D8-91AA-E9A747029588}.Release|x64.Build.0 = Release|x64
		{0C89A659-974F-40D8-91AA-E9A747029588}.Release|x86.ActiveCfg = Release|Win32
		{0C89A659-974F-40D8-91AA-E9A747029588}.Release|x86.Build.0 = Release|Win32
		{BBE8FE34-C960-4F3E-AF73-9BB334B8C6F1}.Debug|x64.ActiveCfg = Debug|x64
		{BBE8FE34-C960-4F3E-AF73-9BB334B8C6F1}.Debug|x64.Build.0 = Debug|x64
		{BBE8FE34-C960-4F3E-AF73-9BB334B8C6F1}.Debug|x86.ActiveCfg = Debug|Win32
		{BBE8FE34-C960-4F3E-AF73-9BB334B8C6F1}.Debug|x86.Build.0 = Debug|Win32
		{BBE8FE34-C960-4F3E-AF73-9BB334B8C6F1}.Release|x64.ActiveCfg = Release|x64
		{BBE8FE34-C960-4F3E-AF73-9BB334B8C6F1}.Release|x64.Build.0 = Release|x64
		{BBE8FE34-C960-4F3E-AF73-9BB334B8C6F1}.Release|x86.ActiveCfg = Release|Win32
		{BBE8FE34-C960-4F3E-AF73-9BB334B8C6F1}.Release|x86.Build.0 = Release|Win32
		{9EFF5F39-4BA8-4607-96FB-F36E9D144F92}.Debug|x64.ActiveCfg = Debug|x64
		{9EFF5F39-4BA8-4607-96FB-F36E9D144F92}.Debug|x64.Build.0 = Debug|x64
		{9EFF5F39-4BA8-4607-96FB-F36E9D144F92}.Debug|x86.ActiveCfg = Debug|Win32
		{9EFF5F39-4BA8-4607-96FB-F36E9D144F92}.Debug|x86.Build.0 = Debug|Win32
		{9EFF5F39-4BA8-4607-96FB-F36E9D144F92}.Release|x64.ActiveCfg = Release|x64
		{9EFF5F39-4BA8-4607-96FB-F36E9D144F92}.Release|x64.Build.0 = Release|x64
		{9EFF5F39-4BA8-4607-96FB-F36E9D144F92}.Release|x86.ActiveCfg = Release|Win32
		{9EFF5F39-4BA8-4607-96FB-F36E9D144F92}.Release|x86.Build.0 = Release|Win32
		{7CAE9120-D61E-4C01-BD91-0AF520784227}.Debug|x64.ActiveCfg = Debug|x64
		{7CAE9120-D61E-4C01-BD91-0AF520784227}.Debug|x64.Build.0 = Debug|x64
		{7CAE9120-D61E-4C01-BD91-0AF520784227}.Debug|x86.ActiveCfg = Debug|Win32
		{7CAE9120-D61E-4C01-BD91-0AF520784227}.Debug|x86.Build.0 = Debug|Win32
		{7CAE9120-D61E-4C01-BD91-0AF520784227}.Release|x64.ActiveCfg = Release|x64
		{7CAE9120-D61E-4C01-BD91-0AF520784227}.Release|x64.Build.0 = Release|x64
		{7CAE9120-D61E-4C01-BD91-0AF520784227}.Release|x86.ActiveCfg = Release|Win32
		{7CAE9120-D61E-4C01-BD91-0AF520784227}.Release|x86.Build.0 = Release|Win32
		{39C74ABA-6528-4D94-87A2-6C32032F020E}.Debug|x64.ActiveCfg = Debug|x64
		{39C74ABA-6528-4D94-87A2-6C32032F020E}.Debug|x64.Build.0 = Debug|x64
		{39C74ABA-6528-4D94-87A2-6C32032F020E}.Debug|x86.ActiveCfg = Debug|Win32
		{39C74ABA-6528-4D94-87A2-6C32032F020E}.Debug|x86.Build.0 = Debug|Win32
		{39C74ABA-6528-4D94-87A2-6C32032F020E}.Release|x64.ActiveCfg = Release|x64
		{39C74ABA-6528-4D94-87A2-6C32032F020E}.Release|x64.Build.0 = Release|x64
		{39C74ABA-6528-4D94-87A2-6C32032F020E}.Release|x86.ActiveCfg = Release|Win32
		{39C74ABA-6528-4D94-87A2-6C32032F020E}.Release|x86.Build.0 = Release|Win32
		{E68FC7E3-1402-4BBE-9D0F-F4BD88ACFD45}.Debug|x64.ActiveCfg = Debug|x64
		{E68FC7E3-1402-4BBE-9D0F-F4BD88ACFD45}.Debug|x64.Build.0 = Debug|x64
		{E68FC7E3-1402-4BBE-9D0F-F4BD88ACFD45}.Debug|x86.ActiveCfg = Debug|Win32
		{E68FC7E3-1402-4BBE-9D0F-F4BD88ACFD45}.Debug|x86.Build.0 = Debug|Win32
		{E68FC7E3-1402-4BBE-9D0F-F4BD88ACFD45}.Release|x64.ActiveCfg = Release|x64
		{E68FC7E3-1402-4BBE-9D0F-F4BD88ACFD45}.Release|x64.Build.0 = Release|x64
		{E68FC7E3-1402-4BBE-9D0F-F4BD88ACFD45}.Release|x86.ActiveCfg = Release|Win32
		{E68FC7E3-1402-4BBE-9D0F-F4BD88ACFD45}.Release|x86.Build.0 = Release|Win32
		{1CD55D85-E025-45C1-8E1C-5C3E9477555A}.Debug|x64.ActiveCfg = Debug|x64
		{1CD55D85-E025-45C1-8E1C-5C3E9477555A}.Debug|x64.Build.0 = Debug|x64
		{1CD55D85-E025-45C1-8E1C-5C3E9477555A}.Debug|x86.ActiveCfg = Debug|Win32
		{1CD55D85-E025-45C1-8E1C-5C3E9477555A}.Debug|x86.Build.0 = Debug|Win32
		{1CD55D85-E025-45C1-8E1C-5C3E9477555A}.Release|x64.ActiveCfg = Release|x64
		{1CD55D85-E025-45C1-8E1C-5C3E9477555A}.Release|x64.Build.0 = Release|x64
		{1CD55D85-E025-45C1-8E1C-5C3E9477555A}.Release|x86.ActiveCfg = Release|Win32
		{1CD55D85-E025-45C1-8E1C-5C3E9477555A}.Release|x86.Build.0 = Release|Win32
		{63553B59-A59C-4F26-A1E8-A8AE42A45B6F}.Debug|x64.ActiveCfg = Debug|x64
		{63553B59-A59C-4F26-A1E8-A8AE42A45B6F}.Debug|x64.Build.0 = Debug|x64
		{63553B59-A59C-4F26-A1E8-A8AE42A45B6F}.Debug|x86.ActiveCfg = Debug|Win32
		{63553B59-A59C-4F26-A1E8-A8AE42A45B6F}.Debug|x86.Build.0 = Debug|Win32
		{63553B59-A59C-4F26-A1E8-A8AE42A45B6F}.Release|x64.ActiveCfg = Release|x64
		{63553B59-A59C-4F26-A1E8-A8AE42A45B6F}.Release|x64.Build.0 = Release|x64
		{63553B59-A59C-4F26-A1E8-A8AE42A45B6F}.Release|x86.ActiveCfg = Release|Win32
		{63553B59-A59C-4F26-A1E8-A8AE42A45B6F}.Release|x86.Build.0 = Release|Win32
		{EFFEEBAD-501B-4A18-A582-853986814552}.Debug|x64.ActiveCfg = Debug|x64
		{EFFEEBAD-501B-4A18-A582-853986814552}.Debug|x64.Build.0 = Debug|x64
		{EFFEEBAD-501B-4A18-A582-853986814552}.Debug|x86.ActiveCfg = Debug|Win32
		{EFFEEBAD-501B-4A18-A582-853986814552}.Debug|x86.Build.0 = Debug|Win32
		{EFFEEBAD-501B-4A18-A582-853986814552}.Release|x64.ActiveCfg = Release|x64
		{EFFEEBAD-501B-4A18-A582-853986814552}.Release|x64.Build.0 = Release|x64
		{EFFEEBAD-501B-4A18-A582-853986814552}.Release|x86.ActiveCfg = Release|Win32
		{EFFEEBAD-501B-4A18-A582-853986814552}.Release|x86.Build.0 = Release|Win32
		{7292942E-43D3-4DD5-B180-BA70031089B2}.Debug|x64.ActiveCfg = Debug|x64
		{7292942E-43D3-4DD5-B180-BA70031089B2}.Debug|x64.Build.0 = Debug|x64
		{7292942E-43D3-4DD5-B180-BA70031089B2}.Debug|x86.ActiveCfg = Debug|Win32
		{7292942E-43D3-4DD5-B180-BA70031089B2}.Debug|x86.Build.0 = Debug|Win32
		{7292942E-43D3-4DD5-B180-BA70031089B2}.Release|x64.ActiveCfg = Release|x64
		{7292942E-43D3-4DD5-B180-BA70031089B2}.Release|x64.Build.0 = Release|x64
		{7292942E-43D3-4DD5-B180-BA70031089B2}.Release|x86.ActiveCfg = Release|Win32
		{7292942E-43D3-4DD5-B180-BA70031089B2}.Release|x86.Build.0 = Release|Win32
		{DB08A033-BF9A-4C04-B753-7C2270A6024F}.Debug|x64.ActiveCfg = Debug|x64
		{DB08A033-BF9A-4C04-B753-7C2270A6024F}.Debug|x64.Build.0 = Debug|x64
		{DB08A033-BF9A-4C04-B753-7C2270A6024F}.Debug|x86.ActiveCfg = Debug|Win32
		{DB08A033-BF9A-4C04-B753-7C2270A6024F}.Debug|x86.Build.0 = Debug|Win32
		{DB08A033-BF9A-4C04-B753-7C2270A6024F}.Release|x64.ActiveCfg = Release|x64
		{DB08A033-BF9A-4C04-B753-7C2270A6024F}.Release|x64.Build.0 = Release|x64
		{DB08A033-BF9A-4C04-B753-7C2270A6024F}.Release|x86.ActiveCfg = Release|Win32
		{DB08A033-BF9A-4C04-B753-7C2270A6024F}.Release|x86.Build.0 = Release|Win32
		{5A3790A5-573A-4169-A30F-14DD754AE2E2}.Debug|x64.ActiveCfg = Debug|x64
		{5A3790A5-573A-4169-A30F-14DD754AE2E2}.Debug|x64.Build.0 = Debug|x64
		{5A3790A5-573A-4169-A30F-14DD754AE2E2}.Debug|x86.ActiveCfg = Debug|Win32
		{5A3790A5-573A-4169-A30F-14DD754AE2E2}.Debug|x86.Build.0 = Debug|Win32
		{5A3790A5-573A-4169-A30F-14DD754AE2E2}.Release|x64.ActiveCfg = Release|x64
		{5A3790A5-573A-4169-A30F-14DD754AE2E2}.Release|x64.Build.0 = Release|x64
		{5A3790A5-573A-4169-A30F-14DD754AE2E2}.Release|x86.ActiveCfg = Release|Win32
		{5A3790A5-573A-4169-A30F-14DD754AE2E2}.Release|x86.Build.0 = Release|Win32
		{02B77519-66EA-45CF-BCA9-D71360CB7C29}.Debug|x64.ActiveCfg = Debug|x64
		{02B77519-66EA-45CF-BCA9-D71360CB7C29}.Debug|x64.Build.0 = Debug|x64
		{02B77519-66EA-45CF-BCA9-D71360CB7C29}.Debug|x86.ActiveCfg = Debug|Win32
		{02B77519-66EA-45CF-BCA9-D71360CB7C29}.Debug|x86.Build.0 = Debug|Win32
		{02B77519-66EA-45CF-BCA9-D71360CB7C29}.Release|x64.ActiveCfg = Release|x64
		{02B77519-66EA-45CF-BCA9-D71360CB7C29}.Release|x64.Build.0 = Release|x64
		{02B77519-66EA-45CF-BCA9-D71360CB7C29}.Release|x86.ActiveCfg = Release|Win32
		{02B77519-66EA-45CF-BCA9-D71360CB7C29}.Release|x86.Build.0 = Release|Win32
		{0CAF5B32-C4BF-4A1F-B5DC-EA76F47B7A7F}.Debug|x64.ActiveCfg = Debug|x64
		{0CAF5B32-C4BF-4A1F-B5DC-EA76F47B7A7F}.Debug|x64.Build.0 = Debug|x64
		{0CAF5B32-C4BF-4A1F-B5DC-EA76F47B7A7F}.Debug|x86.ActiveCfg = Debug|Win32
		{0CAF5B32-C4BF-4A1F-B5DC-EA76F47B7A7F}.Debug|x86.Build.0 = Debug|Win32
		{0CAF5B32-C4BF-4A1F-B5DC-EA76F47B7A7F}.Release|x64.ActiveCfg = Release|x64
		{0CAF5B32-C4BF-4A1F-B5DC-EA76F47B7A7F}.Release|x64.Build.0 = Release|x64
		{0CAF5B32-C4BF-4A1F-B5DC-EA76F47B7A7F}.Release|x86.ActiveCfg = Release|Win32
		{0CAF5B32-C4BF-4A1F-B5DC-EA76F47B7A7F}.Release|x86.Build.0 = Release|Win32
		{471AD131-55C5-498D-9FCF-7D2CE6D456FA}.Debug|x64.ActiveCfg = Debug|x64
		{471AD131-55C5-498D-9FCF-7D2CE6D456FA}.Debug|x64.Build.0 = Debug|x64
		{471AD131-55C5-498D-9FCF-7D2CE6D456FA}.Debug|x86.ActiveCfg = Debug|Win32
		{471AD131-55C5-498D-9FCF-7D2CE6D456FA}.Debug|x86.Build.0 = Debug|Win32
		{471AD131-55C5-498D-9FCF-7D2CE6D456FA}.Release|x64.ActiveCfg = Release|x64
		{471AD131-55C5-498D-9FCF-7D2CE6D456FA}.Release|x64.Build.0 = Release|x64
		{471AD131-55C5-498D-9FCF-7D2CE6D456FA}.Release|x86.ActiveCfg = Release|Win32
		{471AD131-55C5-498D-9FCF-7D2CE6D456FA}.Release|x86.Build.0 = Release|Win32
		{DF5DBEE9-C420-4FAE-8B80-F3D14FB7B46C}.Debug|x64.ActiveCfg = Debug|x64
		{DF5DBEE9-C420-4FAE-8B80-F3D14FB7B46C}.Debug|x64.Build.0 = Debug|x64
		{DF5DBEE9-C420-4FAE-8B80-F3D14FB7B46C}.Debug|x86.ActiveCfg = Debug|Win32
		{DF5DBEE9-C420-4FAE-8B80-F3D14FB7B46C}.Debug|x86.Build.0 = Debug|Win32
		{DF5DBEE9-C420-4FAE-8B80-F3D14FB7B46C}.Release|x64.ActiveCfg = Release|x64
		{DF5DBEE9-C420-4FAE-8B80-F3D14FB7B46C}.Release|x64.Build.0 = Release|x64
		{DF5DBEE9-C420-4FAE-8B80-F3D14FB7B46C}.Release|x86.ActiveCfg = Release|Win32
		{DF5DBEE9-C420-4FAE-8B80-F3D14FB7B46C}.Release|x86.Build.0 = Release|Win32
		{8644AB91-1C3C-440A-97F4-8A87E38AB47E}.Debug|x64.ActiveCfg = Debug|x64
		{8644AB91-1C3C-440A-97F4-8A87E38AB47E}.Debug|x64.Build.0 = Debug|x64
		{8644AB91-1C3C-440A-97F4-8A87E38AB47E}.Debug|x86.ActiveCfg = Debug|Win32
		{8644AB91-1C3C-440A-97F4-8A87E38AB47E}.Debug|x86.Build.0 = Debug|Win32
		{8644AB91-1C3C-440A-97F4-8A87E38AB47E}.Release|x64.ActiveCfg = Release|x64
		{8644AB91-1C3C-440A-97F4-8A87E38AB47E}.Release|x64.Build.0 = Release|x64
		{8644AB91-1C3C-440A-97F4-8A87E38AB47E}.Release|x86.ActiveCfg = Release|Win32
		{8644AB91-1C3C-440A-97F4-8A87E38AB47E}.Release|x86.Build.0 = Release|Win32
		{10FD00D7-35CC-46AA-8D48-D13185970A12}.Debug|x64.ActiveCfg = Debug|x64
		{10FD00D7-35CC-46AA-8D48-D13185970A12}.Debug|x64.Build.0 = Debug|x64
		{10FD00D7-35CC-46AA-8D48-D13185970A12}.Debug|x86.ActiveCfg = Debug|Win32
		{10FD00D7-35CC-46AA-8D48-D13185970A12}.Debug|x86.Build.0 = Debug|Win32
		{10FD00D7-35CC-46AA-8D48-D13185970A12}.Release|x64.ActiveCfg = Release|x64
		{10FD00D7-35CC-46AA-8D48-D13185970A12}.Release|x64.Build.0 = Release|x64
		{10FD00D7-35CC-46AA-8D48-D13185970A12}.Release|x86.ActiveCfg = Release|Win32
		{10FD00D7-35CC-46AA-8D48-D13185970A12}.Release|x86.Build.0 = Release|Win32
		{6361A748-964C-44C4-A081-21306ED3CE18}.Debug|x64.ActiveCfg = Debug|x64
		{6361A748-964C-44C4-A081-21306ED3CE18}.Debug|x64.Build.0 = Debug|x64
		{6361A748-964C-44C4-A081-21306ED3CE18}.Debug|x86.ActiveCfg = Debug|Win32
		{6361A748-964C-44C4-A081-21306ED3CE18}.Debug|x86.Build.0 = Debug|Win32
		{6361A748-964C-44C4-A081-21306ED3CE18}.Release|x64.ActiveCfg = Release|x64
		{6361A748-964C-44C4-A081-21306ED3CE18}.Release|x64.Build.0 = Release|x64
		{6361A748-964C-44C4-A081-21306ED3CE18}.Release|x86.ActiveCfg = Release|Win32
		{6361A748-964C-44C4-A081-21306ED3CE18}.Release|x86.Build.0 = Release|Win32
		{2FA0689D-EC40-4DC8-8358-EB63AB3F4266}.Debug|x64.ActiveCfg = Debug|x64
		{2FA0689D-EC40-4DC8-8358-EB63AB3F4266}.Debug|x64.Build.0 = Debug|x64
		{2FA0689D-EC40-4DC8-8358-EB63AB3F4266}.Debug|x86.ActiveCfg = Debug|Win32
		{2FA0689D-EC40-4DC8-8358-EB63AB3F4266}.Debug|x86.Build.0 = Debug|Win32
		{2FA0689D-EC40-4DC8-8358-EB63AB3F4266}.Release|x64.ActiveCfg = Release|x64
		{2FA0689D-EC40-4DC8-8358-EB63AB3F4266}.Release|x64.Build.0 = Release|x64
		{2FA0689D-EC40-4DC8-8358-EB63AB3F4266}.Release|x86.ActiveCfg = Release|Win32
		{2FA0689D-EC40-4DC8-8358-EB63AB3F4266}.Release|x86.Build.0 = Release|Win32
		{3900856D-1F8B-4E94-990D-6F8A6EBBEC9F}.Debug|x64.ActiveCfg = Debug|x64
		{3900856D-1F8B-4E94-990D-6F8A6EBBEC9F}.Debug|x64.Build.0 = Debug|x64
		{3900856D-1F8B-4E94-990D-6F8A6EBBEC9F}.Debug|x86.ActiveCfg = Debug|Win32
		{3900856D-1F8B-4E94-990D-6F8A6EBBEC9F}.Debug|x86.Build.0 = Debug|Win32
		{3900856D-1F8B-4E94-990D-6F8A6EBBEC9F}.Release|x64.ActiveCfg = Release|x64
		{3900856D-1F8B-4E94-990D-6F8A6EBBEC9F}.Release|x64.Build.0 = Release|x64
		{3900856D-1F8B-4E94-990D-6F8A6EBBEC9F}.Release|x86.ActiveCfg = Release|Win32
		{3900856D-1F8B-4E94-990D-6F8A6EBBEC9F}.Release|x86.Build.0 = Release|Win32
		{7CE9E558-F8F6-464D-BA33-8F82A73AC8E5}.Debug|x64.ActiveCfg = Debug|x64
		{7CE9E558-F8F6-464D-BA33-8F82A73AC8E5}.Debug|x64.Build.0 = Debug|x64
		{7CE9E558-F8F6-464D-BA33-8F82A73AC8E5}.Debug|x86.ActiveCfg = Debug|Win32
		{7CE9E558-F8F6-464D-BA33-8F82A73AC8E5}.Debug|x86.Build.0 = Debug|Win32
		{7CE9E558-F8F6-464D-BA33-8F82A73AC8E5}.Release|x64.ActiveCfg = Release|x64
		{7CE9E558-F8F6-464D-BA33-8F82A73AC8E5}.Release|x64.Build.0 = Release|x64
		{7CE9E558-F8F6-464D-BA33-8F82A73AC8E5}.Release|x86.ActiveCfg = Release|Win32
		{7CE9E558-F8F6-464D-BA33-8F82A73AC8E5}.Release|x86.Build.0 = Release|Win32
		{2E842EFE-4D82-48ED-B787-75C7B0FD9418}.Debug|x64.ActiveCfg = Debug|x64
		{2E842EFE-4D82-48ED-B787-75C7B0FD9418}.Debug|x64.Build.0 = Debug|x64
		{2E842EFE-4D82-48ED-B787-75C7B0FD9418}.Debug|x86.ActiveCfg = Debug|Win32
		{2E842EFE-4D82-48ED-B787-75C7B0FD9418}.Debug|x86.Build.0 = Debug|Win32
		{2E842EFE-4D82-48ED-B787-75C7B0FD9418}.Release|x64.ActiveCfg = Release|x64
		{2E842EFE-4D82-48ED-B787-75C7B0FD9418}.Release|x64.Build.0 = Release|x64
		{2E842EFE-4D82-48ED-B787-75C7B0FD9418}.Release|x86.ActiveCfg = Release|Win32
		{2E842EFE-4D82-48ED-B787-75C7B0FD9418}.Release|x86.Build.0 = Release|Win32
	EndGlobalSection
	GlobalSection(SolutionProperties) = preSolution
		HideSolutionNode = FALSE
	EndGlobalSection
	GlobalSection(ExtensibilityGlobals) = postSolution
		SolutionGuid = {02FD60BB-BE34-4AEA-872A-3DAD30C57671}
	EndGlobalSection
EndGlobal
