
Microsoft Visual Studio Solution File, Format Version 12.00
# Visual Studio Version 17
VisualStudioVersion = 17.1.32421.90
MinimumVisualStudioVersion = 10.0.40219.1
Project("{8BC9CEB8-8B4A-11D0-8D11-00A0C91BC942}") = "Utils", "Utils\Utils.vcxproj", "{78612AEC-E5CD-41AF-B059-CC5C11DD9B39}"
EndProject
Project("{8BC9CEB8-8B4A-11D0-8D11-00A0C91BC942}") = "MatrixVector", "MatrixVector\MatrixVector.vcxproj", "{04DBB236-8FB0-448C-9504-F587DCC2E150}"
EndProject
Project("{8BC9CEB8-8B4A-11D0-8D11-00A0C91BC942}") = "UtilsTest", "UtilsTest\UtilsTest.vcxproj", "{CEFA6749-E55D-4A25-B43E-0089DE93215A}"
EndProject
Project("{8BC9CEB8-8B4A-11D0-8D11-00A0C91BC942}") = "MatrixVectorTest", "MatrixVectorTest\MatrixVectorTest.vcxproj", "{12FAA466-DCAB-4BE8-A2AD-9D3304F12357}"
EndProject
Project("{8BC9CEB8-8B4A-11D0-8D11-00A0C91BC942}") = "Groups", "Groups\Groups.vcxproj", "{EDA39747-C1DA-42CB-857D-A77171048589}"
EndProject
Project("{8BC9CEB8-8B4A-11D0-8D11-00A0C91BC942}") = "GroupsTest", "GroupsTest\GroupsTest.vcxproj", "{80E66A03-B166-4AFA-AA21-91DF531D2CE1}"
EndProject
Project("{8BC9CEB8-8B4A-11D0-8D11-00A0C91BC942}") = "Functions", "Functions\Functions.vcxproj", "{F795C850-01B9-4CBD-BA0A-94C8F230A240}"
EndProject
Project("{8BC9CEB8-8B4A-11D0-8D11-00A0C91BC942}") = "FunctionsTest", "FunctionsTest\FunctionsTest.vcxproj", "{69312D09-4DC5-4689-BF79-CA1E88968056}"
EndProject
Project("{8BC9CEB8-8B4A-11D0-8D11-00A0C91BC942}") = "NonLinearSolver", "NonLinearSolver\NonLinearSolver.vcxproj", "{0CA8E5AC-0B7E-49F9-80BC-1168D9C6BCEC}"
EndProject
Global
	GlobalSection(SolutionConfigurationPlatforms) = preSolution
		Debug|x64 = Debug|x64
		Debug|x86 = Debug|x86
		Release|x64 = Release|x64
		Release|x86 = Release|x86
	EndGlobalSection
	GlobalSection(ProjectConfigurationPlatforms) = postSolution
		{78612AEC-E5CD-41AF-B059-CC5C11DD9B39}.Debug|x64.ActiveCfg = Debug|x64
		{78612AEC-E5CD-41AF-B059-CC5C11DD9B39}.Debug|x64.Build.0 = Debug|x64
		{78612AEC-E5CD-41AF-B059-CC5C11DD9B39}.Debug|x86.ActiveCfg = Debug|Win32
		{78612AEC-E5CD-41AF-B059-CC5C11DD9B39}.Debug|x86.Build.0 = Debug|Win32
		{78612AEC-E5CD-41AF-B059-CC5C11DD9B39}.Release|x64.ActiveCfg = Release|x64
		{78612AEC-E5CD-41AF-B059-CC5C11DD9B39}.Release|x64.Build.0 = Release|x64
		{78612AEC-E5CD-41AF-B059-CC5C11DD9B39}.Release|x86.ActiveCfg = Release|Win32
		{78612AEC-E5CD-41AF-B059-CC5C11DD9B39}.Release|x86.Build.0 = Release|Win32
		{04DBB236-8FB0-448C-9504-F587DCC2E150}.Debug|x64.ActiveCfg = Debug|x64
		{04DBB236-8FB0-448C-9504-F587DCC2E150}.Debug|x64.Build.0 = Debug|x64
		{04DBB236-8FB0-448C-9504-F587DCC2E150}.Debug|x86.ActiveCfg = Debug|Win32
		{04DBB236-8FB0-448C-9504-F587DCC2E150}.Debug|x86.Build.0 = Debug|Win32
		{04DBB236-8FB0-448C-9504-F587DCC2E150}.Release|x64.ActiveCfg = Release|x64
		{04DBB236-8FB0-448C-9504-F587DCC2E150}.Release|x64.Build.0 = Release|x64
		{04DBB236-8FB0-448C-9504-F587DCC2E150}.Release|x86.ActiveCfg = Release|Win32
		{04DBB236-8FB0-448C-9504-F587DCC2E150}.Release|x86.Build.0 = Release|Win32
		{CEFA6749-E55D-4A25-B43E-0089DE93215A}.Debug|x64.ActiveCfg = Debug|x64
		{CEFA6749-E55D-4A25-B43E-0089DE93215A}.Debug|x64.Build.0 = Debug|x64
		{CEFA6749-E55D-4A25-B43E-0089DE93215A}.Debug|x86.ActiveCfg = Debug|Win32
		{CEFA6749-E55D-4A25-B43E-0089DE93215A}.Debug|x86.Build.0 = Debug|Win32
		{CEFA6749-E55D-4A25-B43E-0089DE93215A}.Release|x64.ActiveCfg = Release|x64
		{CEFA6749-E55D-4A25-B43E-0089DE93215A}.Release|x64.Build.0 = Release|x64
		{CEFA6749-E55D-4A25-B43E-0089DE93215A}.Release|x86.ActiveCfg = Release|Win32
		{CEFA6749-E55D-4A25-B43E-0089DE93215A}.Release|x86.Build.0 = Release|Win32
		{12FAA466-DCAB-4BE8-A2AD-9D3304F12357}.Debug|x64.ActiveCfg = Debug|x64
		{12FAA466-DCAB-4BE8-A2AD-9D3304F12357}.Debug|x64.Build.0 = Debug|x64
		{12FAA466-DCAB-4BE8-A2AD-9D3304F12357}.Debug|x86.ActiveCfg = Debug|Win32
		{12FAA466-DCAB-4BE8-A2AD-9D3304F12357}.Debug|x86.Build.0 = Debug|Win32
		{12FAA466-DCAB-4BE8-A2AD-9D3304F12357}.Release|x64.ActiveCfg = Release|x64
		{12FAA466-DCAB-4BE8-A2AD-9D3304F12357}.Release|x64.Build.0 = Release|x64
		{12FAA466-DCAB-4BE8-A2AD-9D3304F12357}.Release|x86.ActiveCfg = Release|Win32
		{12FAA466-DCAB-4BE8-A2AD-9D3304F12357}.Release|x86.Build.0 = Release|Win32
		{EDA39747-C1DA-42CB-857D-A77171048589}.Debug|x64.ActiveCfg = Debug|x64
		{EDA39747-C1DA-42CB-857D-A77171048589}.Debug|x64.Build.0 = Debug|x64
		{EDA39747-C1DA-42CB-857D-A77171048589}.Debug|x86.ActiveCfg = Debug|Win32
		{EDA39747-C1DA-42CB-857D-A77171048589}.Debug|x86.Build.0 = Debug|Win32
		{EDA39747-C1DA-42CB-857D-A77171048589}.Release|x64.ActiveCfg = Release|x64
		{EDA39747-C1DA-42CB-857D-A77171048589}.Release|x64.Build.0 = Release|x64
		{EDA39747-C1DA-42CB-857D-A77171048589}.Release|x86.ActiveCfg = Release|Win32
		{EDA39747-C1DA-42CB-857D-A77171048589}.Release|x86.Build.0 = Release|Win32
		{80E66A03-B166-4AFA-AA21-91DF531D2CE1}.Debug|x64.ActiveCfg = Debug|x64
		{80E66A03-B166-4AFA-AA21-91DF531D2CE1}.Debug|x64.Build.0 = Debug|x64
		{80E66A03-B166-4AFA-AA21-91DF531D2CE1}.Debug|x86.ActiveCfg = Debug|Win32
		{80E66A03-B166-4AFA-AA21-91DF531D2CE1}.Debug|x86.Build.0 = Debug|Win32
		{80E66A03-B166-4AFA-AA21-91DF531D2CE1}.Release|x64.ActiveCfg = Release|x64
		{80E66A03-B166-4AFA-AA21-91DF531D2CE1}.Release|x64.Build.0 = Release|x64
		{80E66A03-B166-4AFA-AA21-91DF531D2CE1}.Release|x86.ActiveCfg = Release|Win32
		{80E66A03-B166-4AFA-AA21-91DF531D2CE1}.Release|x86.Build.0 = Release|Win32
		{F795C850-01B9-4CBD-BA0A-94C8F230A240}.Debug|x64.ActiveCfg = Debug|x64
		{F795C850-01B9-4CBD-BA0A-94C8F230A240}.Debug|x64.Build.0 = Debug|x64
		{F795C850-01B9-4CBD-BA0A-94C8F230A240}.Debug|x86.ActiveCfg = Debug|Win32
		{F795C850-01B9-4CBD-BA0A-94C8F230A240}.Debug|x86.Build.0 = Debug|Win32
		{F795C850-01B9-4CBD-BA0A-94C8F230A240}.Release|x64.ActiveCfg = Release|x64
		{F795C850-01B9-4CBD-BA0A-94C8F230A240}.Release|x64.Build.0 = Release|x64
		{F795C850-01B9-4CBD-BA0A-94C8F230A240}.Release|x86.ActiveCfg = Release|Win32
		{F795C850-01B9-4CBD-BA0A-94C8F230A240}.Release|x86.Build.0 = Release|Win32
		{69312D09-4DC5-4689-BF79-CA1E88968056}.Debug|x64.ActiveCfg = Debug|x64
		{69312D09-4DC5-4689-BF79-CA1E88968056}.Debug|x64.Build.0 = Debug|x64
		{69312D09-4DC5-4689-BF79-CA1E88968056}.Debug|x86.ActiveCfg = Debug|Win32
		{69312D09-4DC5-4689-BF79-CA1E88968056}.Debug|x86.Build.0 = Debug|Win32
		{69312D09-4DC5-4689-BF79-CA1E88968056}.Release|x64.ActiveCfg = Release|x64
		{69312D09-4DC5-4689-BF79-CA1E88968056}.Release|x64.Build.0 = Release|x64
		{69312D09-4DC5-4689-BF79-CA1E88968056}.Release|x86.ActiveCfg = Release|Win32
		{69312D09-4DC5-4689-BF79-CA1E88968056}.Release|x86.Build.0 = Release|Win32
		{0CA8E5AC-0B7E-49F9-80BC-1168D9C6BCEC}.Debug|x64.ActiveCfg = Debug|x64
		{0CA8E5AC-0B7E-49F9-80BC-1168D9C6BCEC}.Debug|x64.Build.0 = Debug|x64
		{0CA8E5AC-0B7E-49F9-80BC-1168D9C6BCEC}.Debug|x86.ActiveCfg = Debug|Win32
		{0CA8E5AC-0B7E-49F9-80BC-1168D9C6BCEC}.Debug|x86.Build.0 = Debug|Win32
		{0CA8E5AC-0B7E-49F9-80BC-1168D9C6BCEC}.Release|x64.ActiveCfg = Release|x64
		{0CA8E5AC-0B7E-49F9-80BC-1168D9C6BCEC}.Release|x64.Build.0 = Release|x64
		{0CA8E5AC-0B7E-49F9-80BC-1168D9C6BCEC}.Release|x86.ActiveCfg = Release|Win32
		{0CA8E5AC-0B7E-49F9-80BC-1168D9C6BCEC}.Release|x86.Build.0 = Release|Win32
	EndGlobalSection
	GlobalSection(SolutionProperties) = preSolution
		HideSolutionNode = FALSE
	EndGlobalSection
	GlobalSection(ExtensibilityGlobals) = postSolution
		SolutionGuid = {02FD60BB-BE34-4AEA-872A-3DAD30C57671}
	EndGlobalSection
EndGlobal
